
Microsoft Visual Studio Solution File, Format Version 12.00
Project("{FAE04EC0-301F-11D3-BF4B-00C04F79EFBC}") = "ConsoleApp", "ConsoleApp\ConsoleApp.csproj", "{841EE21F-764C-4D62-B7AF-E634F5AD9D28}"
EndProject
Project("{2150E333-8FDC-42A3-9474-1A3956D46DE8}") = "!Solution Items", "!Solution Items", "{665E1775-6CDC-4016-82EB-86848200AE9B}"
	ProjectSection(SolutionItems) = preProject
		Directory.Build.props = Directory.Build.props
	EndProjectSection
EndProject
Project("{FAE04EC0-301F-11D3-BF4B-00C04F79EFBC}") = "MenuSystem", "MenuSystem\MenuSystem.csproj", "{3A35E3E9-22FF-4720-B3F9-31415BB4F2F9}"
EndProject
Project("{FAE04EC0-301F-11D3-BF4B-00C04F79EFBC}") = "GameBrain", "GameBrain\GameBrain.csproj", "{59DEA8A8-4F90-4312-9604-F140760EECFF}"
EndProject
Project("{FAE04EC0-301F-11D3-BF4B-00C04F79EFBC}") = "ConsoleUI", "ConsoleUI\ConsoleUI.csproj", "{6E3832A0-4ACD-4E6A-9803-E3162AB48FFE}"
EndProject
Project("{FAE04EC0-301F-11D3-BF4B-00C04F79EFBC}") = "DAL", "DAL\DAL.csproj", "{BEB42244-8983-40BA-ACF1-9F8C12B06FD7}"
EndProject
Project("{FAE04EC0-301F-11D3-BF4B-00C04F79EFBC}") = "Domain", "Domain\Domain.csproj", "{BA8A688A-6620-4BD1-8B6F-A21877AE484B}"
EndProject
Global
	GlobalSection(SolutionConfigurationPlatforms) = preSolution
		Debug|Any CPU = Debug|Any CPU
		Release|Any CPU = Release|Any CPU
	EndGlobalSection
	GlobalSection(ProjectConfigurationPlatforms) = postSolution
		{841EE21F-764C-4D62-B7AF-E634F5AD9D28}.Debug|Any CPU.ActiveCfg = Debug|Any CPU
		{841EE21F-764C-4D62-B7AF-E634F5AD9D28}.Debug|Any CPU.Build.0 = Debug|Any CPU
		{841EE21F-764C-4D62-B7AF-E634F5AD9D28}.Release|Any CPU.ActiveCfg = Release|Any CPU
		{841EE21F-764C-4D62-B7AF-E634F5AD9D28}.Release|Any CPU.Build.0 = Release|Any CPU
		{3A35E3E9-22FF-4720-B3F9-31415BB4F2F9}.Debug|Any CPU.ActiveCfg = Debug|Any CPU
		{3A35E3E9-22FF-4720-B3F9-31415BB4F2F9}.Debug|Any CPU.Build.0 = Debug|Any CPU
		{3A35E3E9-22FF-4720-B3F9-31415BB4F2F9}.Release|Any CPU.ActiveCfg = Release|Any CPU
		{3A35E3E9-22FF-4720-B3F9-31415BB4F2F9}.Release|Any CPU.Build.0 = Release|Any CPU
		{59DEA8A8-4F90-4312-9604-F140760EECFF}.Debug|Any CPU.ActiveCfg = Debug|Any CPU
		{59DEA8A8-4F90-4312-9604-F140760EECFF}.Debug|Any CPU.Build.0 = Debug|Any CPU
		{59DEA8A8-4F90-4312-9604-F140760EECFF}.Release|Any CPU.ActiveCfg = Release|Any CPU
		{59DEA8A8-4F90-4312-9604-F140760EECFF}.Release|Any CPU.Build.0 = Release|Any CPU
		{6E3832A0-4ACD-4E6A-9803-E3162AB48FFE}.Debug|Any CPU.ActiveCfg = Debug|Any CPU
		{6E3832A0-4ACD-4E6A-9803-E3162AB48FFE}.Debug|Any CPU.Build.0 = Debug|Any CPU
		{6E3832A0-4ACD-4E6A-9803-E3162AB48FFE}.Release|Any CPU.ActiveCfg = Release|Any CPU
		{6E3832A0-4ACD-4E6A-9803-E3162AB48FFE}.Release|Any CPU.Build.0 = Release|Any CPU
		{BEB42244-8983-40BA-ACF1-9F8C12B06FD7}.Debug|Any CPU.ActiveCfg = Debug|Any CPU
		{BEB42244-8983-40BA-ACF1-9F8C12B06FD7}.Debug|Any CPU.Build.0 = Debug|Any CPU
		{BEB42244-8983-40BA-ACF1-9F8C12B06FD7}.Release|Any CPU.ActiveCfg = Release|Any CPU
		{BEB42244-8983-40BA-ACF1-9F8C12B06FD7}.Release|Any CPU.Build.0 = Release|Any CPU
		{BA8A688A-6620-4BD1-8B6F-A21877AE484B}.Debug|Any CPU.ActiveCfg = Debug|Any CPU
		{BA8A688A-6620-4BD1-8B6F-A21877AE484B}.Debug|Any CPU.Build.0 = Debug|Any CPU
		{BA8A688A-6620-4BD1-8B6F-A21877AE484B}.Release|Any CPU.ActiveCfg = Release|Any CPU
		{BA8A688A-6620-4BD1-8B6F-A21877AE484B}.Release|Any CPU.Build.0 = Release|Any CPU
	EndGlobalSection
EndGlobal
